
Microsoft Visual Studio Solution File, Format Version 12.00
# Visual Studio 15
VisualStudioVersion = 15.0.28307.489
MinimumVisualStudioVersion = 10.0.40219.1
Project("{FAE04EC0-301F-11D3-BF4B-00C04F79EFBC}") = "Report", "Report\Report.csproj", "{78E346F7-7509-40F6-8B02-22D417B4EAEB}"
EndProject
Global
	GlobalSection(SolutionConfigurationPlatforms) = preSolution
		Debug|Any CPU = Debug|Any CPU
		Release|Any CPU = Release|Any CPU
	EndGlobalSection
	GlobalSection(ProjectConfigurationPlatforms) = postSolution
		{78E346F7-7509-40F6-8B02-22D417B4EAEB}.Debug|Any CPU.ActiveCfg = Debug|Any CPU
		{78E346F7-7509-40F6-8B02-22D417B4EAEB}.Debug|Any CPU.Build.0 = Debug|Any CPU
		{78E346F7-7509-40F6-8B02-22D417B4EAEB}.Release|Any CPU.ActiveCfg = Release|Any CPU
		{78E346F7-7509-40F6-8B02-22D417B4EAEB}.Release|Any CPU.Build.0 = Release|Any CPU
	EndGlobalSection
	GlobalSection(SolutionProperties) = preSolution
		HideSolutionNode = FALSE
	EndGlobalSection
	GlobalSection(ExtensibilityGlobals) = postSolution
		SolutionGuid = {633D9864-0CB0-4AF0-AD7E-F0C5EFD7232E}
	EndGlobalSection
EndGlobal
